
Microsoft Visual Studio Solution File, Format Version 12.00
Project("{FAE04EC0-301F-11D3-BF4B-00C04F79EFBC}") = "SourceGenerator.Sample", "SourceGenerator.Sample\SourceGenerator.Sample.csproj", "{0C7EC6D6-85C1-4838-A0F5-5DE5553D9718}"
EndProject
Global
	GlobalSection(SolutionConfigurationPlatforms) = preSolution
		Debug|Any CPU = Debug|Any CPU
		Release|Any CPU = Release|Any CPU
	EndGlobalSection
	GlobalSection(ProjectConfigurationPlatforms) = postSolution
		{0C7EC6D6-85C1-4838-A0F5-5DE5553D9718}.Debug|Any CPU.ActiveCfg = Debug|Any CPU
		{0C7EC6D6-85C1-4838-A0F5-5DE5553D9718}.Debug|Any CPU.Build.0 = Debug|Any CPU
		{0C7EC6D6-85C1-4838-A0F5-5DE5553D9718}.Release|Any CPU.ActiveCfg = Release|Any CPU
		{0C7EC6D6-85C1-4838-A0F5-5DE5553D9718}.Release|Any CPU.Build.0 = Release|Any CPU
	EndGlobalSection
EndGlobal
